
Microsoft Visual Studio Solution File, Format Version 12.00
# Visual Studio Version 16
VisualStudioVersion = 16.0.30204.135
MinimumVisualStudioVersion = 10.0.40219.1
Project("{FAE04EC0-301F-11D3-BF4B-00C04F79EFBC}") = "VanillaStorytellersExpanded", "VanillaStorytellersExpanded\VanillaStorytellersExpanded.csproj", "{AF621717-E8E7-457B-AE1B-CB09994EF465}"
EndProject
Global
	GlobalSection(SolutionConfigurationPlatforms) = preSolution
		Debug|Any CPU = Debug|Any CPU
		Release|Any CPU = Release|Any CPU
	EndGlobalSection
	GlobalSection(ProjectConfigurationPlatforms) = postSolution
		{AF621717-E8E7-457B-AE1B-CB09994EF465}.Debug|Any CPU.ActiveCfg = Debug|Any CPU
		{AF621717-E8E7-457B-AE1B-CB09994EF465}.Debug|Any CPU.Build.0 = Debug|Any CPU
		{AF621717-E8E7-457B-AE1B-CB09994EF465}.Release|Any CPU.ActiveCfg = Release|Any CPU
		{AF621717-E8E7-457B-AE1B-CB09994EF465}.Release|Any CPU.Build.0 = Release|Any CPU
	EndGlobalSection
	GlobalSection(SolutionProperties) = preSolution
		HideSolutionNode = FALSE
	EndGlobalSection
	GlobalSection(ExtensibilityGlobals) = postSolution
		SolutionGuid = {82E7FB08-A28E-4913-A57D-F83FE5C3B8E8}
	EndGlobalSection
EndGlobal
